// !$*UTF8*$!
{
	archiveVersion = 1;
	classes = {
	};
	objectVersion = 50;
	objects = {

/* Begin PBXBuildFile section */
		E4110F2323BC399A00C56137 /* Bundle+Extension.swift in Sources */ = {isa = PBXBuildFile; fileRef = E4110F2223BC399A00C56137 /* Bundle+Extension.swift */; };
		E4110F2523BC441400C56137 /* BAXCDerivedDataSubDataSource.swift in Sources */ = {isa = PBXBuildFile; fileRef = E4110F2423BC441400C56137 /* BAXCDerivedDataSubDataSource.swift */; };
		E4110F2723BC44E900C56137 /* BAXCTableViewCell.swift in Sources */ = {isa = PBXBuildFile; fileRef = E4110F2623BC44E900C56137 /* BAXCTableViewCell.swift */; };
		E4110F2923BC73DA00C56137 /* BAXCDeviceSupportTrashManager.swift in Sources */ = {isa = PBXBuildFile; fileRef = E4110F2823BC73DA00C56137 /* BAXCDeviceSupportTrashManager.swift */; };
		E4110F2B23BC747300C56137 /* BAXCDeviceSupportSubDataSource.swift in Sources */ = {isa = PBXBuildFile; fileRef = E4110F2A23BC747300C56137 /* BAXCDeviceSupportSubDataSource.swift */; };
		E4110F2D23BC76B400C56137 /* BAXCArchivesTrashManager.swift in Sources */ = {isa = PBXBuildFile; fileRef = E4110F2C23BC76B300C56137 /* BAXCArchivesTrashManager.swift */; };
		E4110F2F23BC787C00C56137 /* BAXCArchivesSubDataSource.swift in Sources */ = {isa = PBXBuildFile; fileRef = E4110F2E23BC787C00C56137 /* BAXCArchivesSubDataSource.swift */; };
		E4110F3123BC7A5F00C56137 /* BAXCSimulatorTrashManager.swift in Sources */ = {isa = PBXBuildFile; fileRef = E4110F3023BC7A5F00C56137 /* BAXCSimulatorTrashManager.swift */; };
		E4110F3323BC7CD500C56137 /* BAXCSimulatorDeviceSubDataSource.swift in Sources */ = {isa = PBXBuildFile; fileRef = E4110F3223BC7CD500C56137 /* BAXCSimulatorDeviceSubDataSource.swift */; };
		E4110F3523BC7F4200C56137 /* BAXCTableViewSubDataSource.swift in Sources */ = {isa = PBXBuildFile; fileRef = E4110F3423BC7F4200C56137 /* BAXCTableViewSubDataSource.swift */; };
		E43DB90923C35BE60021417D /* BAXCSectionSizeCell.swift in Sources */ = {isa = PBXBuildFile; fileRef = E43DB90823C35BE60021417D /* BAXCSectionSizeCell.swift */; };
		E43DB90D23C5F99D0021417D /* BAXCSimulatorCacheSubDataSource.swift in Sources */ = {isa = PBXBuildFile; fileRef = E43DB90C23C5F99D0021417D /* BAXCSimulatorCacheSubDataSource.swift */; };
		E43DB90F23C6CC220021417D /* BAXCTPCheckBox.swift in Sources */ = {isa = PBXBuildFile; fileRef = E43DB90E23C6CC220021417D /* BAXCTPCheckBox.swift */; };
		E43DB91123C70B4B0021417D /* BAXCSectionCheckBoxCell.swift in Sources */ = {isa = PBXBuildFile; fileRef = E43DB91023C70B4B0021417D /* BAXCSectionCheckBoxCell.swift */; };
		E456783223CC1A0E003395EA /* BAXCTableView.swift in Sources */ = {isa = PBXBuildFile; fileRef = E456783123CC1A0E003395EA /* BAXCTableView.swift */; };
		E487977523BA1BD800087258 /* BAXCSectionTitleCell.swift in Sources */ = {isa = PBXBuildFile; fileRef = E487977423BA1BD800087258 /* BAXCSectionTitleCell.swift */; };
		E487977723BA1BEC00087258 /* BAXCCheckBoxCell.swift in Sources */ = {isa = PBXBuildFile; fileRef = E487977623BA1BEC00087258 /* BAXCCheckBoxCell.swift */; };
		E487977923BA1BF900087258 /* BAXCTitleCell.swift in Sources */ = {isa = PBXBuildFile; fileRef = E487977823BA1BF900087258 /* BAXCTitleCell.swift */; };
		E487977B23BA1C0700087258 /* BAXCContentCell.swift in Sources */ = {isa = PBXBuildFile; fileRef = E487977A23BA1C0700087258 /* BAXCContentCell.swift */; };
		E487977D23BA1C1E00087258 /* BAXCSectionBlankCell.swift in Sources */ = {isa = PBXBuildFile; fileRef = E487977C23BA1C1E00087258 /* BAXCSectionBlankCell.swift */; };
		E487978023BA201300087258 /* BAXCBlockView.swift in Sources */ = {isa = PBXBuildFile; fileRef = E487977F23BA201300087258 /* BAXCBlockView.swift */; };
		E493A94B23B3056E00F8FE78 /* AppDelegate.swift in Sources */ = {isa = PBXBuildFile; fileRef = E493A94A23B3056E00F8FE78 /* AppDelegate.swift */; };
		E493A94D23B3056E00F8FE78 /* BAXCManualCleanVC.swift in Sources */ = {isa = PBXBuildFile; fileRef = E493A94C23B3056E00F8FE78 /* BAXCManualCleanVC.swift */; };
		E493A94F23B3057000F8FE78 /* Assets.xcassets in Resources */ = {isa = PBXBuildFile; fileRef = E493A94E23B3057000F8FE78 /* Assets.xcassets */; };
		E493A95E23B3057000F8FE78 /* BAXcodeCleanerTests.swift in Sources */ = {isa = PBXBuildFile; fileRef = E493A95D23B3057000F8FE78 /* BAXcodeCleanerTests.swift */; };
		E493A96923B3057000F8FE78 /* BAXcodeCleanerUITests.swift in Sources */ = {isa = PBXBuildFile; fileRef = E493A96823B3057000F8FE78 /* BAXcodeCleanerUITests.swift */; };
		E497EE2723B7365300D9212E /* main.swift in Sources */ = {isa = PBXBuildFile; fileRef = E497EE2623B7365300D9212E /* main.swift */; };
		E497EE2F23B74F7900D9212E /* BAXCFileUtil.swift in Sources */ = {isa = PBXBuildFile; fileRef = E497EE2E23B74F7900D9212E /* BAXCFileUtil.swift */; };
		E497EE3123B74FEF00D9212E /* BAXCDerivedDataTrashManager.swift in Sources */ = {isa = PBXBuildFile; fileRef = E497EE3023B74FEF00D9212E /* BAXCDerivedDataTrashManager.swift */; };
		E497EE3523B7523F00D9212E /* BAXCXcodePathManager.swift in Sources */ = {isa = PBXBuildFile; fileRef = E497EE3423B7523F00D9212E /* BAXCXcodePathManager.swift */; };
		E497EE3823B75E5500D9212E /* String+Extension.swift in Sources */ = {isa = PBXBuildFile; fileRef = E497EE3723B75E5500D9212E /* String+Extension.swift */; };
		E49FEA6F23BB2EF4004F6306 /* BAXCApplicationsSubDataSource.swift in Sources */ = {isa = PBXBuildFile; fileRef = E49FEA6E23BB2EF4004F6306 /* BAXCApplicationsSubDataSource.swift */; };
		E49FEA7123BB2F6E004F6306 /* BAXCTableViewDataSource.swift in Sources */ = {isa = PBXBuildFile; fileRef = E49FEA7023BB2F6E004F6306 /* BAXCTableViewDataSource.swift */; };
		E49FEA8123BB4EF5004F6306 /* BAXCSelfIntroduction.swift in Sources */ = {isa = PBXBuildFile; fileRef = E49FEA8023BB4EF5004F6306 /* BAXCSelfIntroduction.swift */; };
		E4AA40BB23BE087E005CA901 /* BAXCFileSizeCell.swift in Sources */ = {isa = PBXBuildFile; fileRef = E4AA40BA23BE087E005CA901 /* BAXCFileSizeCell.swift */; };
		E4BEC9E423B9A40C00C785A5 /* BAXCXcodeAppTrashManager.swift in Sources */ = {isa = PBXBuildFile; fileRef = E4BEC9E323B9A40C00C785A5 /* BAXCXcodeAppTrashManager.swift */; };
		E4BEC9E623B9A4B000C785A5 /* BAXCPlistAnalyzer.swift in Sources */ = {isa = PBXBuildFile; fileRef = E4BEC9E523B9A4B000C785A5 /* BAXCPlistAnalyzer.swift */; };
		E4BECA1623BA027400C785A5 /* BAXCProgressIndicator.swift in Sources */ = {isa = PBXBuildFile; fileRef = E4BECA1523BA027400C785A5 /* BAXCProgressIndicator.swift */; };
		E4EFF0C623CC73A400291D81 /* BANavigationController.swift in Sources */ = {isa = PBXBuildFile; fileRef = E4EFF0C523CC73A400291D81 /* BANavigationController.swift */; };
		E4EFF0CA23CD944900291D81 /* BAXCMainDeskVC.swift in Sources */ = {isa = PBXBuildFile; fileRef = E4EFF0C923CD944900291D81 /* BAXCMainDeskVC.swift */; };
		E4EFF0D023CDB1B300291D81 /* BAXCTrashDataManager.swift in Sources */ = {isa = PBXBuildFile; fileRef = E4EFF0CF23CDB1B300291D81 /* BAXCTrashDataManager.swift */; };
		E4EFF0D223CDBE3100291D81 /* BAXCAutoDismissAlert.swift in Sources */ = {isa = PBXBuildFile; fileRef = E4EFF0D123CDBE3100291D81 /* BAXCAutoDismissAlert.swift */; };
		E4EFF0D423CEBB5D00291D81 /* BABugReporter.swift in Sources */ = {isa = PBXBuildFile; fileRef = E4EFF0D323CEBB5D00291D81 /* BABugReporter.swift */; };
		E4EFF0D823CEF7A500291D81 /* BACrashLogAnalyzer.swift in Sources */ = {isa = PBXBuildFile; fileRef = E4EFF0D723CEF7A500291D81 /* BACrashLogAnalyzer.swift */; };
		E4EFF0DA23CEFADD00291D81 /* BABugReporterVC.swift in Sources */ = {isa = PBXBuildFile; fileRef = E4EFF0D923CEFADD00291D81 /* BABugReporterVC.swift */; };
		E4EFF0DD23CF392A00291D81 /* BAUpdateManager.swift in Sources */ = {isa = PBXBuildFile; fileRef = E4EFF0DC23CF392A00291D81 /* BAUpdateManager.swift */; };
		E4EFF0DF23CF397100291D81 /* BAVersionCheck.swift in Sources */ = {isa = PBXBuildFile; fileRef = E4EFF0DE23CF397100291D81 /* BAVersionCheck.swift */; };
		E4EFF0E123D04B6400291D81 /* BACheckUpdateVC.swift in Sources */ = {isa = PBXBuildFile; fileRef = E4EFF0E023D04B6400291D81 /* BACheckUpdateVC.swift */; };
		E4EFF0E323D06F5000291D81 /* BAXCDefines.swift in Sources */ = {isa = PBXBuildFile; fileRef = E4EFF0E223D06F5000291D81 /* BAXCDefines.swift */; };
/* End PBXBuildFile section */

/* Begin PBXContainerItemProxy section */
		E493A95A23B3057000F8FE78 /* PBXContainerItemProxy */ = {
			isa = PBXContainerItemProxy;
			containerPortal = E493A93F23B3056E00F8FE78 /* Project object */;
			proxyType = 1;
			remoteGlobalIDString = E493A94623B3056E00F8FE78;
			remoteInfo = BAXcodeCleaner;
		};
		E493A96523B3057000F8FE78 /* PBXContainerItemProxy */ = {
			isa = PBXContainerItemProxy;
			containerPortal = E493A93F23B3056E00F8FE78 /* Project object */;
			proxyType = 1;
			remoteGlobalIDString = E493A94623B3056E00F8FE78;
			remoteInfo = BAXcodeCleaner;
		};
/* End PBXContainerItemProxy section */

/* Begin PBXFileReference section */
		E4110F2223BC399A00C56137 /* Bundle+Extension.swift */ = {isa = PBXFileReference; lastKnownFileType = sourcecode.swift; path = "Bundle+Extension.swift"; sourceTree = "<group>"; };
		E4110F2423BC441400C56137 /* BAXCDerivedDataSubDataSource.swift */ = {isa = PBXFileReference; lastKnownFileType = sourcecode.swift; path = BAXCDerivedDataSubDataSource.swift; sourceTree = "<group>"; };
		E4110F2623BC44E900C56137 /* BAXCTableViewCell.swift */ = {isa = PBXFileReference; lastKnownFileType = sourcecode.swift; path = BAXCTableViewCell.swift; sourceTree = "<group>"; };
		E4110F2823BC73DA00C56137 /* BAXCDeviceSupportTrashManager.swift */ = {isa = PBXFileReference; lastKnownFileType = sourcecode.swift; path = BAXCDeviceSupportTrashManager.swift; sourceTree = "<group>"; };
		E4110F2A23BC747300C56137 /* BAXCDeviceSupportSubDataSource.swift */ = {isa = PBXFileReference; lastKnownFileType = sourcecode.swift; path = BAXCDeviceSupportSubDataSource.swift; sourceTree = "<group>"; };
		E4110F2C23BC76B300C56137 /* BAXCArchivesTrashManager.swift */ = {isa = PBXFileReference; lastKnownFileType = sourcecode.swift; path = BAXCArchivesTrashManager.swift; sourceTree = "<group>"; };
		E4110F2E23BC787C00C56137 /* BAXCArchivesSubDataSource.swift */ = {isa = PBXFileReference; lastKnownFileType = sourcecode.swift; path = BAXCArchivesSubDataSource.swift; sourceTree = "<group>"; };
		E4110F3023BC7A5F00C56137 /* BAXCSimulatorTrashManager.swift */ = {isa = PBXFileReference; lastKnownFileType = sourcecode.swift; path = BAXCSimulatorTrashManager.swift; sourceTree = "<group>"; };
		E4110F3223BC7CD500C56137 /* BAXCSimulatorDeviceSubDataSource.swift */ = {isa = PBXFileReference; lastKnownFileType = sourcecode.swift; path = BAXCSimulatorDeviceSubDataSource.swift; sourceTree = "<group>"; };
		E4110F3423BC7F4200C56137 /* BAXCTableViewSubDataSource.swift */ = {isa = PBXFileReference; lastKnownFileType = sourcecode.swift; path = BAXCTableViewSubDataSource.swift; sourceTree = "<group>"; };
		E43DB90823C35BE60021417D /* BAXCSectionSizeCell.swift */ = {isa = PBXFileReference; fileEncoding = 4; lastKnownFileType = sourcecode.swift; path = BAXCSectionSizeCell.swift; sourceTree = "<group>"; };
		E43DB90C23C5F99D0021417D /* BAXCSimulatorCacheSubDataSource.swift */ = {isa = PBXFileReference; fileEncoding = 4; lastKnownFileType = sourcecode.swift; path = BAXCSimulatorCacheSubDataSource.swift; sourceTree = "<group>"; };
		E43DB90E23C6CC220021417D /* BAXCTPCheckBox.swift */ = {isa = PBXFileReference; lastKnownFileType = sourcecode.swift; path = BAXCTPCheckBox.swift; sourceTree = "<group>"; };
		E43DB91023C70B4B0021417D /* BAXCSectionCheckBoxCell.swift */ = {isa = PBXFileReference; fileEncoding = 4; lastKnownFileType = sourcecode.swift; path = BAXCSectionCheckBoxCell.swift; sourceTree = "<group>"; };
		E456783123CC1A0E003395EA /* BAXCTableView.swift */ = {isa = PBXFileReference; lastKnownFileType = sourcecode.swift; path = BAXCTableView.swift; sourceTree = "<group>"; };
		E487977423BA1BD800087258 /* BAXCSectionTitleCell.swift */ = {isa = PBXFileReference; lastKnownFileType = sourcecode.swift; path = BAXCSectionTitleCell.swift; sourceTree = "<group>"; };
		E487977623BA1BEC00087258 /* BAXCCheckBoxCell.swift */ = {isa = PBXFileReference; lastKnownFileType = sourcecode.swift; path = BAXCCheckBoxCell.swift; sourceTree = "<group>"; };
		E487977823BA1BF900087258 /* BAXCTitleCell.swift */ = {isa = PBXFileReference; lastKnownFileType = sourcecode.swift; path = BAXCTitleCell.swift; sourceTree = "<group>"; };
		E487977A23BA1C0700087258 /* BAXCContentCell.swift */ = {isa = PBXFileReference; lastKnownFileType = sourcecode.swift; path = BAXCContentCell.swift; sourceTree = "<group>"; };
		E487977C23BA1C1E00087258 /* BAXCSectionBlankCell.swift */ = {isa = PBXFileReference; lastKnownFileType = sourcecode.swift; path = BAXCSectionBlankCell.swift; sourceTree = "<group>"; };
		E487977F23BA201300087258 /* BAXCBlockView.swift */ = {isa = PBXFileReference; lastKnownFileType = sourcecode.swift; path = BAXCBlockView.swift; sourceTree = "<group>"; };
		E493A94723B3056E00F8FE78 /* BAXcodeCleaner.app */ = {isa = PBXFileReference; explicitFileType = wrapper.application; includeInIndex = 0; path = BAXcodeCleaner.app; sourceTree = BUILT_PRODUCTS_DIR; };
		E493A94A23B3056E00F8FE78 /* AppDelegate.swift */ = {isa = PBXFileReference; lastKnownFileType = sourcecode.swift; path = AppDelegate.swift; sourceTree = "<group>"; };
		E493A94C23B3056E00F8FE78 /* BAXCManualCleanVC.swift */ = {isa = PBXFileReference; lastKnownFileType = sourcecode.swift; path = BAXCManualCleanVC.swift; sourceTree = "<group>"; };
		E493A94E23B3057000F8FE78 /* Assets.xcassets */ = {isa = PBXFileReference; lastKnownFileType = folder.assetcatalog; path = Assets.xcassets; sourceTree = "<group>"; };
		E493A95323B3057000F8FE78 /* Info.plist */ = {isa = PBXFileReference; lastKnownFileType = text.plist.xml; path = Info.plist; sourceTree = "<group>"; };
		E493A95423B3057000F8FE78 /* BAXcodeCleaner.entitlements */ = {isa = PBXFileReference; lastKnownFileType = text.plist.entitlements; path = BAXcodeCleaner.entitlements; sourceTree = "<group>"; };
		E493A95923B3057000F8FE78 /* BAXcodeCleanerTests.xctest */ = {isa = PBXFileReference; explicitFileType = wrapper.cfbundle; includeInIndex = 0; path = BAXcodeCleanerTests.xctest; sourceTree = BUILT_PRODUCTS_DIR; };
		E493A95D23B3057000F8FE78 /* BAXcodeCleanerTests.swift */ = {isa = PBXFileReference; lastKnownFileType = sourcecode.swift; path = BAXcodeCleanerTests.swift; sourceTree = "<group>"; };
		E493A95F23B3057000F8FE78 /* Info.plist */ = {isa = PBXFileReference; lastKnownFileType = text.plist.xml; path = Info.plist; sourceTree = "<group>"; };
		E493A96423B3057000F8FE78 /* BAXcodeCleanerUITests.xctest */ = {isa = PBXFileReference; explicitFileType = wrapper.cfbundle; includeInIndex = 0; path = BAXcodeCleanerUITests.xctest; sourceTree = BUILT_PRODUCTS_DIR; };
		E493A96823B3057000F8FE78 /* BAXcodeCleanerUITests.swift */ = {isa = PBXFileReference; lastKnownFileType = sourcecode.swift; path = BAXcodeCleanerUITests.swift; sourceTree = "<group>"; };
		E493A96A23B3057000F8FE78 /* Info.plist */ = {isa = PBXFileReference; lastKnownFileType = text.plist.xml; path = Info.plist; sourceTree = "<group>"; };
		E497EE2623B7365300D9212E /* main.swift */ = {isa = PBXFileReference; fileEncoding = 4; lastKnownFileType = sourcecode.swift; path = main.swift; sourceTree = "<group>"; };
		E497EE2E23B74F7900D9212E /* BAXCFileUtil.swift */ = {isa = PBXFileReference; lastKnownFileType = sourcecode.swift; path = BAXCFileUtil.swift; sourceTree = "<group>"; };
		E497EE3023B74FEF00D9212E /* BAXCDerivedDataTrashManager.swift */ = {isa = PBXFileReference; lastKnownFileType = sourcecode.swift; path = BAXCDerivedDataTrashManager.swift; sourceTree = "<group>"; };
		E497EE3423B7523F00D9212E /* BAXCXcodePathManager.swift */ = {isa = PBXFileReference; fileEncoding = 4; lastKnownFileType = sourcecode.swift; path = BAXCXcodePathManager.swift; sourceTree = "<group>"; };
		E497EE3723B75E5500D9212E /* String+Extension.swift */ = {isa = PBXFileReference; fileEncoding = 4; lastKnownFileType = sourcecode.swift; path = "String+Extension.swift"; sourceTree = "<group>"; };
		E49FEA6E23BB2EF4004F6306 /* BAXCApplicationsSubDataSource.swift */ = {isa = PBXFileReference; lastKnownFileType = sourcecode.swift; path = BAXCApplicationsSubDataSource.swift; sourceTree = "<group>"; };
		E49FEA7023BB2F6E004F6306 /* BAXCTableViewDataSource.swift */ = {isa = PBXFileReference; lastKnownFileType = sourcecode.swift; path = BAXCTableViewDataSource.swift; sourceTree = "<group>"; };
		E49FEA8023BB4EF5004F6306 /* BAXCSelfIntroduction.swift */ = {isa = PBXFileReference; lastKnownFileType = sourcecode.swift; path = BAXCSelfIntroduction.swift; sourceTree = "<group>"; };
		E4AA40BA23BE087E005CA901 /* BAXCFileSizeCell.swift */ = {isa = PBXFileReference; lastKnownFileType = sourcecode.swift; path = BAXCFileSizeCell.swift; sourceTree = "<group>"; };
		E4BEC9E323B9A40C00C785A5 /* BAXCXcodeAppTrashManager.swift */ = {isa = PBXFileReference; lastKnownFileType = sourcecode.swift; path = BAXCXcodeAppTrashManager.swift; sourceTree = "<group>"; };
		E4BEC9E523B9A4B000C785A5 /* BAXCPlistAnalyzer.swift */ = {isa = PBXFileReference; lastKnownFileType = sourcecode.swift; path = BAXCPlistAnalyzer.swift; sourceTree = "<group>"; };
		E4BECA1523BA027400C785A5 /* BAXCProgressIndicator.swift */ = {isa = PBXFileReference; lastKnownFileType = sourcecode.swift; path = BAXCProgressIndicator.swift; sourceTree = "<group>"; };
		E4EFF0C523CC73A400291D81 /* BANavigationController.swift */ = {isa = PBXFileReference; lastKnownFileType = sourcecode.swift; path = BANavigationController.swift; sourceTree = "<group>"; };
		E4EFF0C923CD944900291D81 /* BAXCMainDeskVC.swift */ = {isa = PBXFileReference; lastKnownFileType = sourcecode.swift; path = BAXCMainDeskVC.swift; sourceTree = "<group>"; };
		E4EFF0CF23CDB1B300291D81 /* BAXCTrashDataManager.swift */ = {isa = PBXFileReference; lastKnownFileType = sourcecode.swift; path = BAXCTrashDataManager.swift; sourceTree = "<group>"; };
		E4EFF0D123CDBE3100291D81 /* BAXCAutoDismissAlert.swift */ = {isa = PBXFileReference; lastKnownFileType = sourcecode.swift; path = BAXCAutoDismissAlert.swift; sourceTree = "<group>"; };
		E4EFF0D323CEBB5D00291D81 /* BABugReporter.swift */ = {isa = PBXFileReference; lastKnownFileType = sourcecode.swift; path = BABugReporter.swift; sourceTree = "<group>"; };
		E4EFF0D723CEF7A500291D81 /* BACrashLogAnalyzer.swift */ = {isa = PBXFileReference; lastKnownFileType = sourcecode.swift; path = BACrashLogAnalyzer.swift; sourceTree = "<group>"; };
		E4EFF0D923CEFADD00291D81 /* BABugReporterVC.swift */ = {isa = PBXFileReference; lastKnownFileType = sourcecode.swift; path = BABugReporterVC.swift; sourceTree = "<group>"; };
		E4EFF0DC23CF392A00291D81 /* BAUpdateManager.swift */ = {isa = PBXFileReference; lastKnownFileType = sourcecode.swift; path = BAUpdateManager.swift; sourceTree = "<group>"; };
		E4EFF0DE23CF397100291D81 /* BAVersionCheck.swift */ = {isa = PBXFileReference; lastKnownFileType = sourcecode.swift; path = BAVersionCheck.swift; sourceTree = "<group>"; };
		E4EFF0E023D04B6400291D81 /* BACheckUpdateVC.swift */ = {isa = PBXFileReference; lastKnownFileType = sourcecode.swift; path = BACheckUpdateVC.swift; sourceTree = "<group>"; };
		E4EFF0E223D06F5000291D81 /* BAXCDefines.swift */ = {isa = PBXFileReference; lastKnownFileType = sourcecode.swift; path = BAXCDefines.swift; sourceTree = "<group>"; };
/* End PBXFileReference section */

/* Begin PBXFrameworksBuildPhase section */
		E493A94423B3056E00F8FE78 /* Frameworks */ = {
			isa = PBXFrameworksBuildPhase;
			buildActionMask = 2147483647;
			files = (
			);
			runOnlyForDeploymentPostprocessing = 0;
		};
		E493A95623B3057000F8FE78 /* Frameworks */ = {
			isa = PBXFrameworksBuildPhase;
			buildActionMask = 2147483647;
			files = (
			);
			runOnlyForDeploymentPostprocessing = 0;
		};
		E493A96123B3057000F8FE78 /* Frameworks */ = {
			isa = PBXFrameworksBuildPhase;
			buildActionMask = 2147483647;
			files = (
			);
			runOnlyForDeploymentPostprocessing = 0;
		};
/* End PBXFrameworksBuildPhase section */

/* Begin PBXGroup section */
		E487977E23BA1C2300087258 /* TableViewCell */ = {
			isa = PBXGroup;
			children = (
				E4110F2623BC44E900C56137 /* BAXCTableViewCell.swift */,
				E487977423BA1BD800087258 /* BAXCSectionTitleCell.swift */,
				E487977C23BA1C1E00087258 /* BAXCSectionBlankCell.swift */,
				E43DB90823C35BE60021417D /* BAXCSectionSizeCell.swift */,
				E43DB91023C70B4B0021417D /* BAXCSectionCheckBoxCell.swift */,
				E487977823BA1BF900087258 /* BAXCTitleCell.swift */,
				E487977A23BA1C0700087258 /* BAXCContentCell.swift */,
				E4AA40BA23BE087E005CA901 /* BAXCFileSizeCell.swift */,
				E487977623BA1BEC00087258 /* BAXCCheckBoxCell.swift */,
			);
			path = TableViewCell;
			sourceTree = "<group>";
		};
		E493A93E23B3056E00F8FE78 = {
			isa = PBXGroup;
			children = (
				E493A94923B3056E00F8FE78 /* BAXcodeCleaner */,
				E493A95C23B3057000F8FE78 /* BAXcodeCleanerTests */,
				E493A96723B3057000F8FE78 /* BAXcodeCleanerUITests */,
				E493A94823B3056E00F8FE78 /* Products */,
			);
			sourceTree = "<group>";
		};
		E493A94823B3056E00F8FE78 /* Products */ = {
			isa = PBXGroup;
			children = (
				E493A94723B3056E00F8FE78 /* BAXcodeCleaner.app */,
				E493A95923B3057000F8FE78 /* BAXcodeCleanerTests.xctest */,
				E493A96423B3057000F8FE78 /* BAXcodeCleanerUITests.xctest */,
			);
			name = Products;
			sourceTree = "<group>";
		};
		E493A94923B3056E00F8FE78 /* BAXcodeCleaner */ = {
			isa = PBXGroup;
			children = (
				E493A94A23B3056E00F8FE78 /* AppDelegate.swift */,
				E497EE2B23B74F2200D9212E /* Business */,
				E497EE2C23B74F3300D9212E /* Service */,
				E497EE2D23B74F6400D9212E /* BaseUtils */,
				E497EE2623B7365300D9212E /* main.swift */,
				E493A94E23B3057000F8FE78 /* Assets.xcassets */,
				E493A95323B3057000F8FE78 /* Info.plist */,
				E493A95423B3057000F8FE78 /* BAXcodeCleaner.entitlements */,
			);
			path = BAXcodeCleaner;
			sourceTree = "<group>";
		};
		E493A95C23B3057000F8FE78 /* BAXcodeCleanerTests */ = {
			isa = PBXGroup;
			children = (
				E493A95D23B3057000F8FE78 /* BAXcodeCleanerTests.swift */,
				E493A95F23B3057000F8FE78 /* Info.plist */,
			);
			path = BAXcodeCleanerTests;
			sourceTree = "<group>";
		};
		E493A96723B3057000F8FE78 /* BAXcodeCleanerUITests */ = {
			isa = PBXGroup;
			children = (
				E493A96823B3057000F8FE78 /* BAXcodeCleanerUITests.swift */,
				E493A96A23B3057000F8FE78 /* Info.plist */,
			);
			path = BAXcodeCleanerUITests;
			sourceTree = "<group>";
		};
		E497EE2B23B74F2200D9212E /* Business */ = {
			isa = PBXGroup;
			children = (
				E4EFF0C923CD944900291D81 /* BAXCMainDeskVC.swift */,
				E493A94C23B3056E00F8FE78 /* BAXCManualCleanVC.swift */,
				E49FEA6D23BB2D66004F6306 /* TableViewDataSource */,
				E487977E23BA1C2300087258 /* TableViewCell */,
				E49FEA8023BB4EF5004F6306 /* BAXCSelfIntroduction.swift */,
			);
			path = Business;
			sourceTree = "<group>";
		};
		E497EE2C23B74F3300D9212E /* Service */ = {
			isa = PBXGroup;
			children = (
				E497EE3423B7523F00D9212E /* BAXCXcodePathManager.swift */,
				E4EFF0CF23CDB1B300291D81 /* BAXCTrashDataManager.swift */,
				E497EE3023B74FEF00D9212E /* BAXCDerivedDataTrashManager.swift */,
				E4BEC9E323B9A40C00C785A5 /* BAXCXcodeAppTrashManager.swift */,
				E4110F2C23BC76B300C56137 /* BAXCArchivesTrashManager.swift */,
				E4110F2823BC73DA00C56137 /* BAXCDeviceSupportTrashManager.swift */,
				E4110F3023BC7A5F00C56137 /* BAXCSimulatorTrashManager.swift */,
			);
			path = Service;
			sourceTree = "<group>";
		};
		E497EE2D23B74F6400D9212E /* BaseUtils */ = {
			isa = PBXGroup;
			children = (
				E4EFF0E223D06F5000291D81 /* BAXCDefines.swift */,
				E497EE3623B75E2C00D9212E /* Extensions */,
				E497EE2E23B74F7900D9212E /* BAXCFileUtil.swift */,
				E4BEC9E523B9A4B000C785A5 /* BAXCPlistAnalyzer.swift */,
				E4BECA1523BA027400C785A5 /* BAXCProgressIndicator.swift */,
				E4EFF0D123CDBE3100291D81 /* BAXCAutoDismissAlert.swift */,
				E487977F23BA201300087258 /* BAXCBlockView.swift */,
				E43DB90E23C6CC220021417D /* BAXCTPCheckBox.swift */,
				E456783123CC1A0E003395EA /* BAXCTableView.swift */,
				E4EFF0C523CC73A400291D81 /* BANavigationController.swift */,
				E4EFF0DB23CF390000291D81 /* BAUpdateManager */,
				E4EFF0D523CEF78A00291D81 /* BABugReporter */,
			);
			path = BaseUtils;
			sourceTree = "<group>";
		};
		E497EE3623B75E2C00D9212E /* Extensions */ = {
			isa = PBXGroup;
			children = (
				E497EE3723B75E5500D9212E /* String+Extension.swift */,
				E4110F2223BC399A00C56137 /* Bundle+Extension.swift */,
			);
			path = Extensions;
			sourceTree = "<group>";
		};
		E49FEA6D23BB2D66004F6306 /* TableViewDataSource */ = {
			isa = PBXGroup;
			children = (
				E49FEA7023BB2F6E004F6306 /* BAXCTableViewDataSource.swift */,
				E4110F3423BC7F4200C56137 /* BAXCTableViewSubDataSource.swift */,
				E49FEA6E23BB2EF4004F6306 /* BAXCApplicationsSubDataSource.swift */,
				E4110F2423BC441400C56137 /* BAXCDerivedDataSubDataSource.swift */,
				E4110F2A23BC747300C56137 /* BAXCDeviceSupportSubDataSource.swift */,
				E4110F2E23BC787C00C56137 /* BAXCArchivesSubDataSource.swift */,
				E4110F3223BC7CD500C56137 /* BAXCSimulatorDeviceSubDataSource.swift */,
				E43DB90C23C5F99D0021417D /* BAXCSimulatorCacheSubDataSource.swift */,
			);
			path = TableViewDataSource;
			sourceTree = "<group>";
		};
		E4EFF0D523CEF78A00291D81 /* BABugReporter */ = {
			isa = PBXGroup;
			children = (
				E4EFF0D323CEBB5D00291D81 /* BABugReporter.swift */,
				E4EFF0D923CEFADD00291D81 /* BABugReporterVC.swift */,
				E4EFF0D723CEF7A500291D81 /* BACrashLogAnalyzer.swift */,
			);
			path = BABugReporter;
			sourceTree = "<group>";
		};
		E4EFF0DB23CF390000291D81 /* BAUpdateManager */ = {
			isa = PBXGroup;
			children = (
				E4EFF0DC23CF392A00291D81 /* BAUpdateManager.swift */,
				E4EFF0E023D04B6400291D81 /* BACheckUpdateVC.swift */,
				E4EFF0DE23CF397100291D81 /* BAVersionCheck.swift */,
			);
			path = BAUpdateManager;
			sourceTree = "<group>";
		};
/* End PBXGroup section */

/* Begin PBXNativeTarget section */
		E493A94623B3056E00F8FE78 /* BAXcodeCleaner */ = {
			isa = PBXNativeTarget;
			buildConfigurationList = E493A96D23B3057000F8FE78 /* Build configuration list for PBXNativeTarget "BAXcodeCleaner" */;
			buildPhases = (
				E493A94323B3056E00F8FE78 /* Sources */,
				E493A94423B3056E00F8FE78 /* Frameworks */,
				E493A94523B3056E00F8FE78 /* Resources */,
			);
			buildRules = (
			);
			dependencies = (
			);
			name = BAXcodeCleaner;
			productName = BAXcodeCleaner;
			productReference = E493A94723B3056E00F8FE78 /* BAXcodeCleaner.app */;
			productType = "com.apple.product-type.application";
		};
		E493A95823B3057000F8FE78 /* BAXcodeCleanerTests */ = {
			isa = PBXNativeTarget;
			buildConfigurationList = E493A97023B3057000F8FE78 /* Build configuration list for PBXNativeTarget "BAXcodeCleanerTests" */;
			buildPhases = (
				E493A95523B3057000F8FE78 /* Sources */,
				E493A95623B3057000F8FE78 /* Frameworks */,
				E493A95723B3057000F8FE78 /* Resources */,
			);
			buildRules = (
			);
			dependencies = (
				E493A95B23B3057000F8FE78 /* PBXTargetDependency */,
			);
			name = BAXcodeCleanerTests;
			productName = BAXcodeCleanerTests;
			productReference = E493A95923B3057000F8FE78 /* BAXcodeCleanerTests.xctest */;
			productType = "com.apple.product-type.bundle.unit-test";
		};
		E493A96323B3057000F8FE78 /* BAXcodeCleanerUITests */ = {
			isa = PBXNativeTarget;
			buildConfigurationList = E493A97323B3057000F8FE78 /* Build configuration list for PBXNativeTarget "BAXcodeCleanerUITests" */;
			buildPhases = (
				E493A96023B3057000F8FE78 /* Sources */,
				E493A96123B3057000F8FE78 /* Frameworks */,
				E493A96223B3057000F8FE78 /* Resources */,
			);
			buildRules = (
			);
			dependencies = (
				E493A96623B3057000F8FE78 /* PBXTargetDependency */,
			);
			name = BAXcodeCleanerUITests;
			productName = BAXcodeCleanerUITests;
			productReference = E493A96423B3057000F8FE78 /* BAXcodeCleanerUITests.xctest */;
			productType = "com.apple.product-type.bundle.ui-testing";
		};
/* End PBXNativeTarget section */

/* Begin PBXProject section */
		E493A93F23B3056E00F8FE78 /* Project object */ = {
			isa = PBXProject;
			attributes = {
				LastSwiftUpdateCheck = 1130;
				LastUpgradeCheck = 1130;
				ORGANIZATIONNAME = BenArvin;
				TargetAttributes = {
					E493A94623B3056E00F8FE78 = {
						CreatedOnToolsVersion = 11.3;
					};
					E493A95823B3057000F8FE78 = {
						CreatedOnToolsVersion = 11.3;
						TestTargetID = E493A94623B3056E00F8FE78;
					};
					E493A96323B3057000F8FE78 = {
						CreatedOnToolsVersion = 11.3;
						TestTargetID = E493A94623B3056E00F8FE78;
					};
				};
			};
			buildConfigurationList = E493A94223B3056E00F8FE78 /* Build configuration list for PBXProject "BAXcodeCleaner" */;
			compatibilityVersion = "Xcode 9.3";
			developmentRegion = en;
			hasScannedForEncodings = 0;
			knownRegions = (
				en,
				Base,
			);
			mainGroup = E493A93E23B3056E00F8FE78;
			productRefGroup = E493A94823B3056E00F8FE78 /* Products */;
			projectDirPath = "";
			projectRoot = "";
			targets = (
				E493A94623B3056E00F8FE78 /* BAXcodeCleaner */,
				E493A95823B3057000F8FE78 /* BAXcodeCleanerTests */,
				E493A96323B3057000F8FE78 /* BAXcodeCleanerUITests */,
			);
		};
/* End PBXProject section */

/* Begin PBXResourcesBuildPhase section */
		E493A94523B3056E00F8FE78 /* Resources */ = {
			isa = PBXResourcesBuildPhase;
			buildActionMask = 2147483647;
			files = (
				E493A94F23B3057000F8FE78 /* Assets.xcassets in Resources */,
			);
			runOnlyForDeploymentPostprocessing = 0;
		};
		E493A95723B3057000F8FE78 /* Resources */ = {
			isa = PBXResourcesBuildPhase;
			buildActionMask = 2147483647;
			files = (
			);
			runOnlyForDeploymentPostprocessing = 0;
		};
		E493A96223B3057000F8FE78 /* Resources */ = {
			isa = PBXResourcesBuildPhase;
			buildActionMask = 2147483647;
			files = (
			);
			runOnlyForDeploymentPostprocessing = 0;
		};
/* End PBXResourcesBuildPhase section */

/* Begin PBXSourcesBuildPhase section */
		E493A94323B3056E00F8FE78 /* Sources */ = {
			isa = PBXSourcesBuildPhase;
			buildActionMask = 2147483647;
			files = (
				E493A94D23B3056E00F8FE78 /* BAXCManualCleanVC.swift in Sources */,
				E43DB90923C35BE60021417D /* BAXCSectionSizeCell.swift in Sources */,
				E4110F2323BC399A00C56137 /* Bundle+Extension.swift in Sources */,
				E4110F3123BC7A5F00C56137 /* BAXCSimulatorTrashManager.swift in Sources */,
				E4BEC9E423B9A40C00C785A5 /* BAXCXcodeAppTrashManager.swift in Sources */,
				E49FEA6F23BB2EF4004F6306 /* BAXCApplicationsSubDataSource.swift in Sources */,
				E487978023BA201300087258 /* BAXCBlockView.swift in Sources */,
				E487977723BA1BEC00087258 /* BAXCCheckBoxCell.swift in Sources */,
				E4EFF0E323D06F5000291D81 /* BAXCDefines.swift in Sources */,
				E487977923BA1BF900087258 /* BAXCTitleCell.swift in Sources */,
				E49FEA7123BB2F6E004F6306 /* BAXCTableViewDataSource.swift in Sources */,
				E487977523BA1BD800087258 /* BAXCSectionTitleCell.swift in Sources */,
				E4EFF0C623CC73A400291D81 /* BANavigationController.swift in Sources */,
				E4EFF0DD23CF392A00291D81 /* BAUpdateManager.swift in Sources */,
				E456783223CC1A0E003395EA /* BAXCTableView.swift in Sources */,
				E497EE3823B75E5500D9212E /* String+Extension.swift in Sources */,
				E4110F2723BC44E900C56137 /* BAXCTableViewCell.swift in Sources */,
				E497EE2F23B74F7900D9212E /* BAXCFileUtil.swift in Sources */,
				E4EFF0D023CDB1B300291D81 /* BAXCTrashDataManager.swift in Sources */,
				E493A94B23B3056E00F8FE78 /* AppDelegate.swift in Sources */,
				E4110F3523BC7F4200C56137 /* BAXCTableViewSubDataSource.swift in Sources */,
				E4AA40BB23BE087E005CA901 /* BAXCFileSizeCell.swift in Sources */,
				E4EFF0CA23CD944900291D81 /* BAXCMainDeskVC.swift in Sources */,
				E4110F2F23BC787C00C56137 /* BAXCArchivesSubDataSource.swift in Sources */,
				E497EE2723B7365300D9212E /* main.swift in Sources */,
				E4110F3323BC7CD500C56137 /* BAXCSimulatorDeviceSubDataSource.swift in Sources */,
				E43DB90F23C6CC220021417D /* BAXCTPCheckBox.swift in Sources */,
				E4110F2D23BC76B400C56137 /* BAXCArchivesTrashManager.swift in Sources */,
				E43DB91123C70B4B0021417D /* BAXCSectionCheckBoxCell.swift in Sources */,
				E497EE3523B7523F00D9212E /* BAXCXcodePathManager.swift in Sources */,
				E43DB90D23C5F99D0021417D /* BAXCSimulatorCacheSubDataSource.swift in Sources */,
				E4EFF0DA23CEFADD00291D81 /* BABugReporterVC.swift in Sources */,
				E4EFF0E123D04B6400291D81 /* BACheckUpdateVC.swift in Sources */,
				E4110F2923BC73DA00C56137 /* BAXCDeviceSupportTrashManager.swift in Sources */,
				E49FEA8123BB4EF5004F6306 /* BAXCSelfIntroduction.swift in Sources */,
				E4EFF0D423CEBB5D00291D81 /* BABugReporter.swift in Sources */,
				E4110F2523BC441400C56137 /* BAXCDerivedDataSubDataSource.swift in Sources */,
				E487977B23BA1C0700087258 /* BAXCContentCell.swift in Sources */,
				E4EFF0D223CDBE3100291D81 /* BAXCAutoDismissAlert.swift in Sources */,
				E4BEC9E623B9A4B000C785A5 /* BAXCPlistAnalyzer.swift in Sources */,
				E4BECA1623BA027400C785A5 /* BAXCProgressIndicator.swift in Sources */,
				E497EE3123B74FEF00D9212E /* BAXCDerivedDataTrashManager.swift in Sources */,
				E4EFF0D823CEF7A500291D81 /* BACrashLogAnalyzer.swift in Sources */,
				E4110F2B23BC747300C56137 /* BAXCDeviceSupportSubDataSource.swift in Sources */,
				E4EFF0DF23CF397100291D81 /* BAVersionCheck.swift in Sources */,
				E487977D23BA1C1E00087258 /* BAXCSectionBlankCell.swift in Sources */,
			);
			runOnlyForDeploymentPostprocessing = 0;
		};
		E493A95523B3057000F8FE78 /* Sources */ = {
			isa = PBXSourcesBuildPhase;
			buildActionMask = 2147483647;
			files = (
				E493A95E23B3057000F8FE78 /* BAXcodeCleanerTests.swift in Sources */,
			);
			runOnlyForDeploymentPostprocessing = 0;
		};
		E493A96023B3057000F8FE78 /* Sources */ = {
			isa = PBXSourcesBuildPhase;
			buildActionMask = 2147483647;
			files = (
				E493A96923B3057000F8FE78 /* BAXcodeCleanerUITests.swift in Sources */,
			);
			runOnlyForDeploymentPostprocessing = 0;
		};
/* End PBXSourcesBuildPhase section */

/* Begin PBXTargetDependency section */
		E493A95B23B3057000F8FE78 /* PBXTargetDependency */ = {
			isa = PBXTargetDependency;
			target = E493A94623B3056E00F8FE78 /* BAXcodeCleaner */;
			targetProxy = E493A95A23B3057000F8FE78 /* PBXContainerItemProxy */;
		};
		E493A96623B3057000F8FE78 /* PBXTargetDependency */ = {
			isa = PBXTargetDependency;
			target = E493A94623B3056E00F8FE78 /* BAXcodeCleaner */;
			targetProxy = E493A96523B3057000F8FE78 /* PBXContainerItemProxy */;
		};
/* End PBXTargetDependency section */

/* Begin XCBuildConfiguration section */
		E493A96B23B3057000F8FE78 /* Debug */ = {
			isa = XCBuildConfiguration;
			buildSettings = {
				ALWAYS_SEARCH_USER_PATHS = NO;
				CLANG_ANALYZER_NONNULL = YES;
				CLANG_ANALYZER_NUMBER_OBJECT_CONVERSION = YES_AGGRESSIVE;
				CLANG_CXX_LANGUAGE_STANDARD = "gnu++14";
				CLANG_CXX_LIBRARY = "libc++";
				CLANG_ENABLE_MODULES = YES;
				CLANG_ENABLE_OBJC_ARC = YES;
				CLANG_ENABLE_OBJC_WEAK = YES;
				CLANG_WARN_BLOCK_CAPTURE_AUTORELEASING = YES;
				CLANG_WARN_BOOL_CONVERSION = YES;
				CLANG_WARN_COMMA = YES;
				CLANG_WARN_CONSTANT_CONVERSION = YES;
				CLANG_WARN_DEPRECATED_OBJC_IMPLEMENTATIONS = YES;
				CLANG_WARN_DIRECT_OBJC_ISA_USAGE = YES_ERROR;
				CLANG_WARN_DOCUMENTATION_COMMENTS = YES;
				CLANG_WARN_EMPTY_BODY = YES;
				CLANG_WARN_ENUM_CONVERSION = YES;
				CLANG_WARN_INFINITE_RECURSION = YES;
				CLANG_WARN_INT_CONVERSION = YES;
				CLANG_WARN_NON_LITERAL_NULL_CONVERSION = YES;
				CLANG_WARN_OBJC_IMPLICIT_RETAIN_SELF = YES;
				CLANG_WARN_OBJC_LITERAL_CONVERSION = YES;
				CLANG_WARN_OBJC_ROOT_CLASS = YES_ERROR;
				CLANG_WARN_RANGE_LOOP_ANALYSIS = YES;
				CLANG_WARN_STRICT_PROTOTYPES = YES;
				CLANG_WARN_SUSPICIOUS_MOVE = YES;
				CLANG_WARN_UNGUARDED_AVAILABILITY = YES_AGGRESSIVE;
				CLANG_WARN_UNREACHABLE_CODE = YES;
				CLANG_WARN__DUPLICATE_METHOD_MATCH = YES;
				COPY_PHASE_STRIP = NO;
				DEBUG_INFORMATION_FORMAT = dwarf;
				ENABLE_STRICT_OBJC_MSGSEND = YES;
				ENABLE_TESTABILITY = YES;
				GCC_C_LANGUAGE_STANDARD = gnu11;
				GCC_DYNAMIC_NO_PIC = NO;
				GCC_NO_COMMON_BLOCKS = YES;
				GCC_OPTIMIZATION_LEVEL = 0;
				GCC_PREPROCESSOR_DEFINITIONS = (
					"DEBUG=1",
					"$(inherited)",
				);
				GCC_WARN_64_TO_32_BIT_CONVERSION = YES;
				GCC_WARN_ABOUT_RETURN_TYPE = YES_ERROR;
				GCC_WARN_UNDECLARED_SELECTOR = YES;
				GCC_WARN_UNINITIALIZED_AUTOS = YES_AGGRESSIVE;
				GCC_WARN_UNUSED_FUNCTION = YES;
				GCC_WARN_UNUSED_VARIABLE = YES;
				MACOSX_DEPLOYMENT_TARGET = 10.15;
				MTL_ENABLE_DEBUG_INFO = INCLUDE_SOURCE;
				MTL_FAST_MATH = YES;
				ONLY_ACTIVE_ARCH = YES;
				SDKROOT = macosx;
				SWIFT_ACTIVE_COMPILATION_CONDITIONS = DEBUG;
				SWIFT_OPTIMIZATION_LEVEL = "-Onone";
			};
			name = Debug;
		};
		E493A96C23B3057000F8FE78 /* Release */ = {
			isa = XCBuildConfiguration;
			buildSettings = {
				ALWAYS_SEARCH_USER_PATHS = NO;
				CLANG_ANALYZER_NONNULL = YES;
				CLANG_ANALYZER_NUMBER_OBJECT_CONVERSION = YES_AGGRESSIVE;
				CLANG_CXX_LANGUAGE_STANDARD = "gnu++14";
				CLANG_CXX_LIBRARY = "libc++";
				CLANG_ENABLE_MODULES = YES;
				CLANG_ENABLE_OBJC_ARC = YES;
				CLANG_ENABLE_OBJC_WEAK = YES;
				CLANG_WARN_BLOCK_CAPTURE_AUTORELEASING = YES;
				CLANG_WARN_BOOL_CONVERSION = YES;
				CLANG_WARN_COMMA = YES;
				CLANG_WARN_CONSTANT_CONVERSION = YES;
				CLANG_WARN_DEPRECATED_OBJC_IMPLEMENTATIONS = YES;
				CLANG_WARN_DIRECT_OBJC_ISA_USAGE = YES_ERROR;
				CLANG_WARN_DOCUMENTATION_COMMENTS = YES;
				CLANG_WARN_EMPTY_BODY = YES;
				CLANG_WARN_ENUM_CONVERSION = YES;
				CLANG_WARN_INFINITE_RECURSION = YES;
				CLANG_WARN_INT_CONVERSION = YES;
				CLANG_WARN_NON_LITERAL_NULL_CONVERSION = YES;
				CLANG_WARN_OBJC_IMPLICIT_RETAIN_SELF = YES;
				CLANG_WARN_OBJC_LITERAL_CONVERSION = YES;
				CLANG_WARN_OBJC_ROOT_CLASS = YES_ERROR;
				CLANG_WARN_RANGE_LOOP_ANALYSIS = YES;
				CLANG_WARN_STRICT_PROTOTYPES = YES;
				CLANG_WARN_SUSPICIOUS_MOVE = YES;
				CLANG_WARN_UNGUARDED_AVAILABILITY = YES_AGGRESSIVE;
				CLANG_WARN_UNREACHABLE_CODE = YES;
				CLANG_WARN__DUPLICATE_METHOD_MATCH = YES;
				COPY_PHASE_STRIP = NO;
				DEBUG_INFORMATION_FORMAT = "dwarf-with-dsym";
				ENABLE_NS_ASSERTIONS = NO;
				ENABLE_STRICT_OBJC_MSGSEND = YES;
				GCC_C_LANGUAGE_STANDARD = gnu11;
				GCC_NO_COMMON_BLOCKS = YES;
				GCC_WARN_64_TO_32_BIT_CONVERSION = YES;
				GCC_WARN_ABOUT_RETURN_TYPE = YES_ERROR;
				GCC_WARN_UNDECLARED_SELECTOR = YES;
				GCC_WARN_UNINITIALIZED_AUTOS = YES_AGGRESSIVE;
				GCC_WARN_UNUSED_FUNCTION = YES;
				GCC_WARN_UNUSED_VARIABLE = YES;
				MACOSX_DEPLOYMENT_TARGET = 10.15;
				MTL_ENABLE_DEBUG_INFO = NO;
				MTL_FAST_MATH = YES;
				SDKROOT = macosx;
				SWIFT_COMPILATION_MODE = wholemodule;
				SWIFT_OPTIMIZATION_LEVEL = "-O";
			};
			name = Release;
		};
		E493A96E23B3057000F8FE78 /* Debug */ = {
			isa = XCBuildConfiguration;
			buildSettings = {
				ASSETCATALOG_COMPILER_APPICON_NAME = AppIcon;
				CODE_SIGN_ENTITLEMENTS = BAXcodeCleaner/BAXcodeCleaner.entitlements;
				CODE_SIGN_STYLE = Automatic;
				COMBINE_HIDPI_IMAGES = YES;
				DEVELOPMENT_TEAM = 8T284JCWV7;
				ENABLE_HARDENED_RUNTIME = YES;
				INFOPLIST_FILE = BAXcodeCleaner/Info.plist;
				LD_RUNPATH_SEARCH_PATHS = (
					"$(inherited)",
					"@executable_path/../Frameworks",
				);
				MARKETING_VERSION = 1.4.0;
				PRODUCT_BUNDLE_IDENTIFIER = com.BenArvin.BAXcodeCleaner;
				PRODUCT_NAME = "$(TARGET_NAME)";
				SWIFT_VERSION = 5.0;
			};
			name = Debug;
		};
		E493A96F23B3057000F8FE78 /* Release */ = {
			isa = XCBuildConfiguration;
			buildSettings = {
				ASSETCATALOG_COMPILER_APPICON_NAME = AppIcon;
				CODE_SIGN_ENTITLEMENTS = BAXcodeCleaner/BAXcodeCleaner.entitlements;
				CODE_SIGN_STYLE = Automatic;
				COMBINE_HIDPI_IMAGES = YES;
				DEVELOPMENT_TEAM = 8T284JCWV7;
				ENABLE_HARDENED_RUNTIME = YES;
				INFOPLIST_FILE = BAXcodeCleaner/Info.plist;
				LD_RUNPATH_SEARCH_PATHS = (
					"$(inherited)",
					"@executable_path/../Frameworks",
				);
				MARKETING_VERSION = 1.4.0;
				PRODUCT_BUNDLE_IDENTIFIER = com.BenArvin.BAXcodeCleaner;
				PRODUCT_NAME = "$(TARGET_NAME)";
				SWIFT_VERSION = 5.0;
			};
			name = Release;
		};
		E493A97123B3057000F8FE78 /* Debug */ = {
			isa = XCBuildConfiguration;
			buildSettings = {
				ALWAYS_EMBED_SWIFT_STANDARD_LIBRARIES = YES;
				BUNDLE_LOADER = "$(TEST_HOST)";
				CODE_SIGN_STYLE = Automatic;
				COMBINE_HIDPI_IMAGES = YES;
				DEVELOPMENT_TEAM = 8T284JCWV7;
				INFOPLIST_FILE = BAXcodeCleanerTests/Info.plist;
				LD_RUNPATH_SEARCH_PATHS = (
					"$(inherited)",
					"@executable_path/../Frameworks",
					"@loader_path/../Frameworks",
				);
				MACOSX_DEPLOYMENT_TARGET = 10.15;
				PRODUCT_BUNDLE_IDENTIFIER = com.BenArvin.BAXcodeCleanerTests;
				PRODUCT_NAME = "$(TARGET_NAME)";
				SWIFT_VERSION = 5.0;
				TEST_HOST = "$(BUILT_PRODUCTS_DIR)/BAXcodeCleaner.app/Contents/MacOS/BAXcodeCleaner";
			};
			name = Debug;
		};
		E493A97223B3057000F8FE78 /* Release */ = {
			isa = XCBuildConfiguration;
			buildSettings = {
				ALWAYS_EMBED_SWIFT_STANDARD_LIBRARIES = YES;
				BUNDLE_LOADER = "$(TEST_HOST)";
				CODE_SIGN_STYLE = Automatic;
				COMBINE_HIDPI_IMAGES = YES;
				DEVELOPMENT_TEAM = 8T284JCWV7;
				INFOPLIST_FILE = BAXcodeCleanerTests/Info.plist;
				LD_RUNPATH_SEARCH_PATHS = (
					"$(inherited)",
					"@executable_path/../Frameworks",
					"@loader_path/../Frameworks",
				);
				MACOSX_DEPLOYMENT_TARGET = 10.15;
				PRODUCT_BUNDLE_IDENTIFIER = com.BenArvin.BAXcodeCleanerTests;
				PRODUCT_NAME = "$(TARGET_NAME)";
				SWIFT_VERSION = 5.0;
				TEST_HOST = "$(BUILT_PRODUCTS_DIR)/BAXcodeCleaner.app/Contents/MacOS/BAXcodeCleaner";
			};
			name = Release;
		};
		E493A97423B3057000F8FE78 /* Debug */ = {
			isa = XCBuildConfiguration;
			buildSettings = {
				ALWAYS_EMBED_SWIFT_STANDARD_LIBRARIES = YES;
				CODE_SIGN_STYLE = Automatic;
				COMBINE_HIDPI_IMAGES = YES;
				DEVELOPMENT_TEAM = 8T284JCWV7;
				INFOPLIST_FILE = BAXcodeCleanerUITests/Info.plist;
				LD_RUNPATH_SEARCH_PATHS = (
					"$(inherited)",
					"@executable_path/../Frameworks",
					"@loader_path/../Frameworks",
				);
				PRODUCT_BUNDLE_IDENTIFIER = com.BenArvin.BAXcodeCleanerUITests;
				PRODUCT_NAME = "$(TARGET_NAME)";
				SWIFT_VERSION = 5.0;
				TEST_TARGET_NAME = BAXcodeCleaner;
			};
			name = Debug;
		};
		E493A97523B3057000F8FE78 /* Release */ = {
			isa = XCBuildConfiguration;
			buildSettings = {
				ALWAYS_EMBED_SWIFT_STANDARD_LIBRARIES = YES;
				CODE_SIGN_STYLE = Automatic;
				COMBINE_HIDPI_IMAGES = YES;
				DEVELOPMENT_TEAM = 8T284JCWV7;
				INFOPLIST_FILE = BAXcodeCleanerUITests/Info.plist;
				LD_RUNPATH_SEARCH_PATHS = (
					"$(inherited)",
					"@executable_path/../Frameworks",
					"@loader_path/../Frameworks",
				);
				PRODUCT_BUNDLE_IDENTIFIER = com.BenArvin.BAXcodeCleanerUITests;
				PRODUCT_NAME = "$(TARGET_NAME)";
				SWIFT_VERSION = 5.0;
				TEST_TARGET_NAME = BAXcodeCleaner;
			};
			name = Release;
		};
/* End XCBuildConfiguration section */

/* Begin XCConfigurationList section */
		E493A94223B3056E00F8FE78 /* Build configuration list for PBXProject "BAXcodeCleaner" */ = {
			isa = XCConfigurationList;
			buildConfigurations = (
				E493A96B23B3057000F8FE78 /* Debug */,
				E493A96C23B3057000F8FE78 /* Release */,
			);
			defaultConfigurationIsVisible = 0;
			defaultConfigurationName = Release;
		};
		E493A96D23B3057000F8FE78 /* Build configuration list for PBXNativeTarget "BAXcodeCleaner" */ = {
			isa = XCConfigurationList;
			buildConfigurations = (
				E493A96E23B3057000F8FE78 /* Debug */,
				E493A96F23B3057000F8FE78 /* Release */,
			);
			defaultConfigurationIsVisible = 0;
			defaultConfigurationName = Release;
		};
		E493A97023B3057000F8FE78 /* Build configuration list for PBXNativeTarget "BAXcodeCleanerTests" */ = {
			isa = XCConfigurationList;
			buildConfigurations = (
				E493A97123B3057000F8FE78 /* Debug */,
				E493A97223B3057000F8FE78 /* Release */,
			);
			defaultConfigurationIsVisible = 0;
			defaultConfigurationName = Release;
		};
		E493A97323B3057000F8FE78 /* Build configuration list for PBXNativeTarget "BAXcodeCleanerUITests" */ = {
			isa = XCConfigurationList;
			buildConfigurations = (
				E493A97423B3057000F8FE78 /* Debug */,
				E493A97523B3057000F8FE78 /* Release */,
			);
			defaultConfigurationIsVisible = 0;
			defaultConfigurationName = Release;
		};
/* End XCConfigurationList section */
	};
	rootObject = E493A93F23B3056E00F8FE78 /* Project object */;
}
